
Microsoft Visual Studio Solution File, Format Version 12.00
# Visual Studio Version 16
VisualStudioVersion = 16.0.29519.181
MinimumVisualStudioVersion = 10.0.40219.1
Project("{9A19103F-16F7-4668-BE54-9A1E7A4F7556}") = "GrpcServer", "GrpcServer\GrpcServer.csproj", "{024196B8-3BF4-4760-80DE-4F6BDB19EA15}"
EndProject
Project("{9A19103F-16F7-4668-BE54-9A1E7A4F7556}") = "GrpcConsoleClient", "GrpcConsoleClient\GrpcConsoleClient.csproj", "{FCDAE672-A9CC-4C4D-8B14-5D23545E081F}"
EndProject
Global
	GlobalSection(SolutionConfigurationPlatforms) = preSolution
		Debug|Any CPU = Debug|Any CPU
		Release|Any CPU = Release|Any CPU
	EndGlobalSection
	GlobalSection(ProjectConfigurationPlatforms) = postSolution
		{024196B8-3BF4-4760-80DE-4F6BDB19EA15}.Debug|Any CPU.ActiveCfg = Debug|Any CPU
		{024196B8-3BF4-4760-80DE-4F6BDB19EA15}.Debug|Any CPU.Build.0 = Debug|Any CPU
		{024196B8-3BF4-4760-80DE-4F6BDB19EA15}.Release|Any CPU.ActiveCfg = Release|Any CPU
		{024196B8-3BF4-4760-80DE-4F6BDB19EA15}.Release|Any CPU.Build.0 = Release|Any CPU
		{FCDAE672-A9CC-4C4D-8B14-5D23545E081F}.Debug|Any CPU.ActiveCfg = Debug|Any CPU
		{FCDAE672-A9CC-4C4D-8B14-5D23545E081F}.Debug|Any CPU.Build.0 = Debug|Any CPU
		{FCDAE672-A9CC-4C4D-8B14-5D23545E081F}.Release|Any CPU.ActiveCfg = Release|Any CPU
		{FCDAE672-A9CC-4C4D-8B14-5D23545E081F}.Release|Any CPU.Build.0 = Release|Any CPU
	EndGlobalSection
	GlobalSection(SolutionProperties) = preSolution
		HideSolutionNode = FALSE
	EndGlobalSection
	GlobalSection(ExtensibilityGlobals) = postSolution
		SolutionGuid = {9258274B-CD3F-4995-993B-7F9F3FDA26B9}
	EndGlobalSection
EndGlobal
